{
  "version": 4,
  "terraform_version": "1.1.2",
  "serial": 10,
  "lineage": "b0477e9f-6e47-89a2-eb0c-ce9f88184acb",
  "outputs": {
    "lambda_cloudwatch_log_group_arn": {
      "value": "arn:aws:logs:ap-south-1:129878447112:log-group:/aws/lambda/pleasant-osprey-lambda-simple",
      "type": "string"
    },
    "lambda_function_arn": {
      "value": "arn:aws:lambda:ap-south-1:129878447112:function:pleasant-osprey-lambda-simple",
      "type": "string"
    },
    "lambda_function_arn_static": {
      "value": "arn:aws:lambda:ap-south-1:129878447112:function:pleasant-osprey-lambda-simple",
      "type": "string"
    },
    "lambda_function_invoke_arn": {
      "value": "arn:aws:apigateway:ap-south-1:lambda:path/2015-03-31/functions/arn:aws:lambda:ap-south-1:129878447112:function:pleasant-osprey-lambda-simple/invocations",
      "type": "string"
    },
    "lambda_function_last_modified": {
      "value": "2023-08-13T07:13:20.155+0000",
      "type": "string"
    },
    "lambda_function_name": {
      "value": "pleasant-osprey-lambda-simple",
      "type": "string"
    },
    "lambda_function_qualified_arn": {
      "value": "arn:aws:lambda:ap-south-1:129878447112:function:pleasant-osprey-lambda-simple:1",
      "type": "string"
    },
    "lambda_function_source_code_hash": {
      "value": "tgwgE16uNxBWrSoeGciZ6Lv+SVzZBVknaDjN4ZB6cNM=",
      "type": "string"
    },
    "lambda_function_source_code_size": {
      "value": 192,
      "type": "number"
    },
    "lambda_function_version": {
      "value": "1",
      "type": "string"
    },
    "lambda_layer_arn": {
      "value": "",
      "type": "string"
    },
    "lambda_layer_created_date": {
      "value": "",
      "type": "string"
    },
    "lambda_layer_layer_arn": {
      "value": "",
      "type": "string"
    },
    "lambda_layer_source_code_size": {
      "value": "",
      "type": "string"
    },
    "lambda_layer_version": {
      "value": "",
      "type": "string"
    },
    "lambda_role_arn": {
      "value": "arn:aws:iam::129878447112:role/pleasant-osprey-lambda-simple",
      "type": "string"
    },
    "lambda_role_name": {
      "value": "pleasant-osprey-lambda-simple",
      "type": "string"
    },
    "local_filename": {
      "value": "builds/f794f695c5f9c9a81b8d49f360ff0ac8b4d420654198e964aadc3a9a1b2a0e9d.zip",
      "type": "string"
    },
    "s3_object": {
      "value": {
        "bucket": null,
        "key": null,
        "version_id": null
      },
      "type": [
        "object",
        {
          "bucket": "string",
          "key": "string",
          "version_id": "dynamic"
        }
      ]
    }
  },
  "resources": [
    {
      "mode": "managed",
      "type": "random_pet",
      "name": "this",
      "provider": "provider[\"registry.terraform.io/hashicorp/random\"]",
      "instances": [
        {
          "schema_version": 0,
          "attributes": {
            "id": "pleasant-osprey",
            "keepers": null,
            "length": 2,
            "prefix": null,
            "separator": "-"
          },
          "sensitive_attributes": []
        }
      ]
    },
    {
      "module": "module.lambda_function",
      "mode": "data",
      "type": "aws_caller_identity",
      "name": "current",
      "provider": "provider[\"registry.terraform.io/hashicorp/aws\"]",
      "instances": [
        {
          "schema_version": 0,
          "attributes": {
            "account_id": "129878447112",
            "arn": "arn:aws:iam::129878447112:user/test-user",
            "id": "129878447112",
            "user_id": "AIDAR4PK32QECRGVH4HWX"
          },
          "sensitive_attributes": []
        }
      ]
    },
    {
      "module": "module.lambda_function",
      "mode": "data",
      "type": "aws_iam_policy_document",
      "name": "assume_role",
      "provider": "provider[\"registry.terraform.io/hashicorp/aws\"]",
      "instances": [
        {
          "index_key": 0,
          "schema_version": 0,
          "attributes": {
            "id": "2690255455",
            "json": "{\n  \"Version\": \"2012-10-17\",\n  \"Statement\": [\n    {\n      \"Effect\": \"Allow\",\n      \"Action\": \"sts:AssumeRole\",\n      \"Principal\": {\n        \"Service\": \"lambda.amazonaws.com\"\n      }\n    }\n  ]\n}",
            "override_policy_documents": null,
            "policy_id": null,
            "source_policy_documents": null,
            "statement": [
              {
                "actions": [
                  "sts:AssumeRole"
                ],
                "condition": [],
                "effect": "Allow",
                "not_actions": [],
                "not_principals": [],
                "not_resources": [],
                "principals": [
                  {
                    "identifiers": [
                      "lambda.amazonaws.com"
                    ],
                    "type": "Service"
                  }
                ],
                "resources": [],
                "sid": ""
              }
            ],
            "version": "2012-10-17"
          },
          "sensitive_attributes": []
        }
      ]
    },
    {
      "module": "module.lambda_function",
      "mode": "data",
      "type": "aws_iam_policy_document",
      "name": "logs",
      "provider": "provider[\"registry.terraform.io/hashicorp/aws\"]",
      "instances": [
        {
          "index_key": 0,
          "schema_version": 0,
          "attributes": {
            "id": "1194320469",
            "json": "{\n  \"Version\": \"2012-10-17\",\n  \"Statement\": [\n    {\n      \"Effect\": \"Allow\",\n      \"Action\": [\n        \"logs:PutLogEvents\",\n        \"logs:CreateLogStream\",\n        \"logs:CreateLogGroup\"\n      ],\n      \"Resource\": [\n        \"arn:aws:logs:ap-south-1:129878447112:log-group:/aws/lambda/pleasant-osprey-lambda-simple:*:*\",\n        \"arn:aws:logs:ap-south-1:129878447112:log-group:/aws/lambda/pleasant-osprey-lambda-simple:*\"\n      ]\n    }\n  ]\n}",
            "override_policy_documents": null,
            "policy_id": null,
            "source_policy_documents": null,
            "statement": [
              {
                "actions": [
                  "logs:CreateLogGroup",
                  "logs:CreateLogStream",
                  "logs:PutLogEvents"
                ],
                "condition": [],
                "effect": "Allow",
                "not_actions": [],
                "not_principals": [],
                "not_resources": [],
                "principals": [],
                "resources": [
                  "arn:aws:logs:ap-south-1:129878447112:log-group:/aws/lambda/pleasant-osprey-lambda-simple:*",
                  "arn:aws:logs:ap-south-1:129878447112:log-group:/aws/lambda/pleasant-osprey-lambda-simple:*:*"
                ],
                "sid": ""
              }
            ],
            "version": "2012-10-17"
          },
          "sensitive_attributes": []
        }
      ]
    },
    {
      "module": "module.lambda_function",
      "mode": "data",
      "type": "aws_partition",
      "name": "current",
      "provider": "provider[\"registry.terraform.io/hashicorp/aws\"]",
      "instances": [
        {
          "schema_version": 0,
          "attributes": {
            "dns_suffix": "amazonaws.com",
            "id": "aws",
            "partition": "aws",
            "reverse_dns_prefix": "com.amazonaws"
          },
          "sensitive_attributes": []
        }
      ]
    },
    {
      "module": "module.lambda_function",
      "mode": "data",
      "type": "aws_region",
      "name": "current",
      "provider": "provider[\"registry.terraform.io/hashicorp/aws\"]",
      "instances": [
        {
          "schema_version": 0,
          "attributes": {
            "description": "Asia Pacific (Mumbai)",
            "endpoint": "ec2.ap-south-1.amazonaws.com",
            "id": "ap-south-1",
            "name": "ap-south-1"
          },
          "sensitive_attributes": []
        }
      ]
    },
    {
      "module": "module.lambda_function",
      "mode": "data",
      "type": "external",
      "name": "archive_prepare",
      "provider": "provider[\"registry.terraform.io/hashicorp/external\"]",
      "instances": [
        {
          "index_key": 0,
          "schema_version": 0,
          "attributes": {
            "id": "-",
            "program": [
              "python3",
              "../../package.py",
              "prepare"
            ],
            "query": {
              "artifacts_dir": "builds",
              "docker": null,
              "hash_extra": "",
              "hash_extra_paths": "[]",
              "paths": "{\"cwd\":\"/home/ubuntu/terraform-aws-lambda/examples/simple\",\"module\":\"../..\",\"root\":\".\"}",
              "recreate_missing_package": "true",
              "runtime": "python3.8",
              "source_path": "[\"./../fixtures/python3.8-app1/index.py\"]"
            },
            "result": {
              "build_plan": "{\"filename\": \"builds/f794f695c5f9c9a81b8d49f360ff0ac8b4d420654198e964aadc3a9a1b2a0e9d.zip\", \"runtime\": \"python3.8\", \"artifacts_dir\": \"builds\", \"build_plan\": [[\"zip\", \"./../fixtures/python3.8-app1/index.py\", null]]}",
              "build_plan_filename": "builds/f794f695c5f9c9a81b8d49f360ff0ac8b4d420654198e964aadc3a9a1b2a0e9d.plan.json",
              "filename": "builds/f794f695c5f9c9a81b8d49f360ff0ac8b4d420654198e964aadc3a9a1b2a0e9d.zip",
              "timestamp": "1691910773174227000",
              "was_missing": "true"
            },
            "working_dir": null
          },
          "sensitive_attributes": []
        }
      ]
    },
    {
      "module": "module.lambda_function",
      "mode": "managed",
      "type": "aws_cloudwatch_log_group",
      "name": "lambda",
      "provider": "provider[\"registry.terraform.io/hashicorp/aws\"]",
      "instances": [
        {
          "index_key": 0,
          "schema_version": 0,
          "attributes": {
            "arn": "arn:aws:logs:ap-south-1:129878447112:log-group:/aws/lambda/pleasant-osprey-lambda-simple",
            "id": "/aws/lambda/pleasant-osprey-lambda-simple",
            "kms_key_id": "",
            "name": "/aws/lambda/pleasant-osprey-lambda-simple",
            "name_prefix": "",
            "retention_in_days": 0,
            "skip_destroy": false,
            "tags": null,
            "tags_all": {}
          },
          "sensitive_attributes": [],
          "private": "bnVsbA==",
          "dependencies": [
            "random_pet.this"
          ]
        }
      ]
    },
    {
      "module": "module.lambda_function",
      "mode": "managed",
      "type": "aws_iam_policy",
      "name": "logs",
      "provider": "provider[\"registry.terraform.io/hashicorp/aws\"]",
      "instances": [
        {
          "index_key": 0,
          "schema_version": 0,
          "attributes": {
            "arn": "arn:aws:iam::129878447112:policy/pleasant-osprey-lambda-simple-logs",
            "description": "",
            "id": "arn:aws:iam::129878447112:policy/pleasant-osprey-lambda-simple-logs",
            "name": "pleasant-osprey-lambda-simple-logs",
            "name_prefix": "",
            "path": "/",
            "policy": "{\"Statement\":[{\"Action\":[\"logs:PutLogEvents\",\"logs:CreateLogStream\",\"logs:CreateLogGroup\"],\"Effect\":\"Allow\",\"Resource\":[\"arn:aws:logs:ap-south-1:129878447112:log-group:/aws/lambda/pleasant-osprey-lambda-simple:*:*\",\"arn:aws:logs:ap-south-1:129878447112:log-group:/aws/lambda/pleasant-osprey-lambda-simple:*\"]}],\"Version\":\"2012-10-17\"}",
            "policy_id": "ANPAR4PK32QECCO7FNVR5",
            "tags": null,
            "tags_all": {}
          },
          "sensitive_attributes": [],
          "private": "bnVsbA==",
          "dependencies": [
            "module.lambda_function.aws_cloudwatch_log_group.lambda",
            "module.lambda_function.data.aws_arn.log_group_arn",
            "module.lambda_function.data.aws_cloudwatch_log_group.lambda",
            "module.lambda_function.data.aws_iam_policy_document.logs",
            "random_pet.this"
          ]
        }
      ]
    },
    {
      "module": "module.lambda_function",
      "mode": "managed",
      "type": "aws_iam_role",
      "name": "lambda",
      "provider": "provider[\"registry.terraform.io/hashicorp/aws\"]",
      "instances": [
        {
          "index_key": 0,
          "schema_version": 0,
          "attributes": {
            "arn": "arn:aws:iam::129878447112:role/pleasant-osprey-lambda-simple",
            "assume_role_policy": "{\"Statement\":[{\"Action\":\"sts:AssumeRole\",\"Effect\":\"Allow\",\"Principal\":{\"Service\":\"lambda.amazonaws.com\"}}],\"Version\":\"2012-10-17\"}",
            "create_date": "2023-08-13T07:13:02Z",
            "description": "",
            "force_detach_policies": true,
            "id": "pleasant-osprey-lambda-simple",
            "inline_policy": [],
            "managed_policy_arns": [],
            "max_session_duration": 3600,
            "name": "pleasant-osprey-lambda-simple",
            "name_prefix": "",
            "path": "/",
            "permissions_boundary": null,
            "tags": null,
            "tags_all": {},
            "unique_id": "AROAR4PK32QEJ7LUPMM4M"
          },
          "sensitive_attributes": [],
          "private": "bnVsbA==",
          "dependencies": [
            "module.lambda_function.data.aws_iam_policy_document.assume_role",
            "random_pet.this"
          ]
        }
      ]
    },
    {
      "module": "module.lambda_function",
      "mode": "managed",
      "type": "aws_iam_role_policy_attachment",
      "name": "logs",
      "provider": "provider[\"registry.terraform.io/hashicorp/aws\"]",
      "instances": [
        {
          "index_key": 0,
          "schema_version": 0,
          "attributes": {
            "id": "pleasant-osprey-lambda-simple-20230813071303948600000001",
            "policy_arn": "arn:aws:iam::129878447112:policy/pleasant-osprey-lambda-simple-logs",
            "role": "pleasant-osprey-lambda-simple"
          },
          "sensitive_attributes": [],
          "private": "bnVsbA==",
          "dependencies": [
            "module.lambda_function.aws_cloudwatch_log_group.lambda",
            "module.lambda_function.aws_iam_policy.logs",
            "module.lambda_function.aws_iam_role.lambda",
            "module.lambda_function.data.aws_arn.log_group_arn",
            "module.lambda_function.data.aws_cloudwatch_log_group.lambda",
            "module.lambda_function.data.aws_iam_policy_document.assume_role",
            "module.lambda_function.data.aws_iam_policy_document.logs",
            "random_pet.this"
          ]
        }
      ]
    },
    {
      "module": "module.lambda_function",
      "mode": "managed",
      "type": "aws_lambda_function",
      "name": "this",
      "provider": "provider[\"registry.terraform.io/hashicorp/aws\"]",
      "instances": [
        {
          "index_key": 0,
          "schema_version": 0,
          "attributes": {
            "architectures": [
              "x86_64"
            ],
            "arn": "arn:aws:lambda:ap-south-1:129878447112:function:pleasant-osprey-lambda-simple",
            "code_signing_config_arn": "",
            "dead_letter_config": [],
            "description": "",
            "environment": [],
            "ephemeral_storage": [
              {
                "size": 512
              }
            ],
            "file_system_config": [],
            "filename": "builds/f794f695c5f9c9a81b8d49f360ff0ac8b4d420654198e964aadc3a9a1b2a0e9d.zip",
            "function_name": "pleasant-osprey-lambda-simple",
            "handler": "index.lambda_handler",
            "id": "pleasant-osprey-lambda-simple",
            "image_config": [],
            "image_uri": "",
            "invoke_arn": "arn:aws:apigateway:ap-south-1:lambda:path/2015-03-31/functions/arn:aws:lambda:ap-south-1:129878447112:function:pleasant-osprey-lambda-simple/invocations",
            "kms_key_arn": "",
            "last_modified": "2023-08-13T07:13:20.155+0000",
            "layers": null,
            "memory_size": 128,
            "package_type": "Zip",
            "publish": true,
            "qualified_arn": "arn:aws:lambda:ap-south-1:129878447112:function:pleasant-osprey-lambda-simple:1",
            "qualified_invoke_arn": "arn:aws:apigateway:ap-south-1:lambda:path/2015-03-31/functions/arn:aws:lambda:ap-south-1:129878447112:function:pleasant-osprey-lambda-simple:1/invocations",
            "replace_security_groups_on_destroy": null,
            "replacement_security_group_ids": null,
            "reserved_concurrent_executions": -1,
            "role": "arn:aws:iam::129878447112:role/pleasant-osprey-lambda-simple",
            "runtime": "python3.8",
            "s3_bucket": null,
            "s3_key": null,
            "s3_object_version": null,
            "signing_job_arn": "",
            "signing_profile_version_arn": "",
            "skip_destroy": false,
            "snap_start": [],
            "source_code_hash": "tgwgE16uNxBWrSoeGciZ6Lv+SVzZBVknaDjN4ZB6cNM=",
            "source_code_size": 192,
            "tags": null,
            "tags_all": {},
            "timeout": 3,
            "timeouts": {
              "create": null,
              "delete": null,
              "update": null
            },
            "tracing_config": [
              {
                "mode": "PassThrough"
              }
            ],
            "version": "1",
            "vpc_config": []
          },
          "sensitive_attributes": [],
          "private": "eyJlMmJmYjczMC1lY2FhLTExZTYtOGY4OC0zNDM2M2JjN2M0YzAiOnsiY3JlYXRlIjo2MDAwMDAwMDAwMDAsImRlbGV0ZSI6NjAwMDAwMDAwMDAwLCJ1cGRhdGUiOjYwMDAwMDAwMDAwMH19",
          "dependencies": [
            "module.lambda_function.aws_cloudwatch_log_group.lambda",
            "module.lambda_function.aws_iam_policy.logs",
            "module.lambda_function.aws_iam_role.lambda",
            "module.lambda_function.aws_iam_role_policy_attachment.additional_inline",
            "module.lambda_function.aws_iam_role_policy_attachment.additional_json",
            "module.lambda_function.aws_iam_role_policy_attachment.additional_jsons",
            "module.lambda_function.aws_iam_role_policy_attachment.additional_many",
            "module.lambda_function.aws_iam_role_policy_attachment.additional_one",
            "module.lambda_function.aws_iam_role_policy_attachment.async",
            "module.lambda_function.aws_iam_role_policy_attachment.dead_letter",
            "module.lambda_function.aws_iam_role_policy_attachment.logs",
            "module.lambda_function.aws_iam_role_policy_attachment.tracing",
            "module.lambda_function.aws_iam_role_policy_attachment.vpc",
            "module.lambda_function.aws_s3_object.lambda_package",
            "module.lambda_function.data.aws_arn.log_group_arn",
            "module.lambda_function.data.aws_cloudwatch_log_group.lambda",
            "module.lambda_function.data.aws_iam_policy_document.assume_role",
            "module.lambda_function.data.aws_iam_policy_document.logs",
            "module.lambda_function.data.external.archive_prepare",
            "module.lambda_function.local_file.archive_plan",
            "module.lambda_function.null_resource.archive",
            "random_pet.this"
          ]
        }
      ]
    },
    {
      "module": "module.lambda_function",
      "mode": "managed",
      "type": "local_file",
      "name": "archive_plan",
      "provider": "provider[\"registry.terraform.io/hashicorp/local\"]",
      "instances": [
        {
          "index_key": 0,
          "schema_version": 0,
          "attributes": {
            "content": "{\"filename\": \"builds/f794f695c5f9c9a81b8d49f360ff0ac8b4d420654198e964aadc3a9a1b2a0e9d.zip\", \"runtime\": \"python3.8\", \"artifacts_dir\": \"builds\", \"build_plan\": [[\"zip\", \"./../fixtures/python3.8-app1/index.py\", null]]}",
            "content_base64": null,
            "content_base64sha256": "axGir7HEDK2XAIxb0THuD3l+/7Equ55yzF7rVEFY898=",
            "content_base64sha512": "FidBZJrlBsfLOsr0pORz90mD83CCNS+/JZIti0pw3QHvjhp3bib17OTfOr0CnRCbCvCOl4OIRO+4rtGAPdNCZQ==",
            "content_md5": "015fc4397adbf5ef52965c410d79c580",
            "content_sha1": "1b7c8d15101b2603c6a05edb003e5326f4d1e908",
            "content_sha256": "6b11a2afb1c40cad97008c5bd131ee0f797effb12abb9e72cc5eeb544158f3df",
            "content_sha512": "162741649ae506c7cb3acaf4a4e473f74983f37082352fbf25922d8b4a70dd01ef8e1a776e26f5ece4df3abd029d109b0af08e97838844efb8aed1803dd34265",
            "directory_permission": "0755",
            "file_permission": "0644",
            "filename": "builds/f794f695c5f9c9a81b8d49f360ff0ac8b4d420654198e964aadc3a9a1b2a0e9d.plan.json",
            "id": "1b7c8d15101b2603c6a05edb003e5326f4d1e908",
            "sensitive_content": null,
            "source": null
          },
          "sensitive_attributes": [],
          "dependencies": [
            "module.lambda_function.data.external.archive_prepare"
          ]
        }
      ]
    },
    {
      "module": "module.lambda_function",
      "mode": "managed",
      "type": "null_resource",
      "name": "archive",
      "provider": "provider[\"registry.terraform.io/hashicorp/null\"]",
      "instances": [
        {
          "index_key": 0,
          "schema_version": 0,
          "attributes": {
            "id": "6443813906613468654",
            "triggers": {
              "filename": "builds/f794f695c5f9c9a81b8d49f360ff0ac8b4d420654198e964aadc3a9a1b2a0e9d.zip",
              "timestamp": "1691910773174227000"
            }
          },
          "sensitive_attributes": [],
          "dependencies": [
            "module.lambda_function.data.external.archive_prepare",
            "module.lambda_function.local_file.archive_plan"
          ]
        }
      ]
    }
  ]
}
