{
  "version": 4,
  "terraform_version": "1.2.4",
  "serial": 39,
  "lineage": "b481ca50-e237-65df-22e9-0f60d5e23f58",
  "outputs": {
    "main": {
      "value": "vpc123",
      "type": "string"
    }
  },
  "resources": [
    {
      "module": "module.vpc",
      "mode": "managed",
      "type": "aws_vpc",
      "name": "vpc",
      "provider": "provider[\"registry.terraform.io/hashicorp/aws\"]",
      "instances": [
        {
          "schema_version": 1,
          "attributes": {
            "arn": "arn:aws:ec2:us-east-2:199082554410:vpc/vpc-0e461d7d2ba6d51bd",
            "assign_generated_ipv6_cidr_block": false,
            "cidr_block": "10.0.0.0/16",
            "default_network_acl_id": "acl-0e448f9849b758c60",
            "default_route_table_id": "rtb-014d2b4374231d2fa",
            "default_security_group_id": "sg-0c86deb6b9bdcffcb",
            "dhcp_options_id": "dopt-0710a7cdca3c40f6f",
            "enable_classiclink": false,
            "enable_classiclink_dns_support": false,
            "enable_dns_hostnames": false,
            "enable_dns_support": true,
            "id": "vpc-0e461d7d2ba6d51bd",
            "instance_tenancy": "default",
            "ipv4_ipam_pool_id": null,
            "ipv4_netmask_length": null,
            "ipv6_association_id": "",
            "ipv6_cidr_block": "",
            "ipv6_cidr_block_network_border_group": "",
            "ipv6_ipam_pool_id": "",
            "ipv6_netmask_length": 0,
            "main_route_table_id": "rtb-014d2b4374231d2fa",
            "owner_id": "199082554410",
            "tags": {
              "Name": "vpc-test12",
              "environment": "test"
            },
            "tags_all": {
              "Name": "vpc-test12",
              "environment": "test"
            }
          },
          "sensitive_attributes": [],
          "private": "eyJzY2hlbWFfdmVyc2lvbiI6IjEifQ=="
        }
      ]
    }
  ]
}
